
Microsoft Visual Studio Solution File, Format Version 12.00
# Visual Studio 15
VisualStudioVersion = 15.0.26730.12
MinimumVisualStudioVersion = 10.0.40219.1
Project("{2150E333-8FDC-42A3-9474-1A3956D46DE8}") = "1. Presentation", "1. Presentation", "{CC8DBC5B-94E1-4DA2-AD8E-B15C0D442C7D}"
EndProject
Project("{2150E333-8FDC-42A3-9474-1A3956D46DE8}") = "2. Domain", "2. Domain", "{A8375630-D7C8-4C67-9109-633BB5D2A0B3}"
EndProject
Project("{2150E333-8FDC-42A3-9474-1A3956D46DE8}") = "3. Infrastructure", "3. Infrastructure", "{F25AC761-CA38-42B0-AF64-29011D580487}"
EndProject
Project("{2150E333-8FDC-42A3-9474-1A3956D46DE8}") = "4. Shared", "4. Shared", "{2DA24E38-AE9B-4A80-B310-B0A66F2C36B8}"
EndProject
Project("{9A19103F-16F7-4668-BE54-9A1E7A4F7556}") = "LNK.Shared", "LNK.Shared\LNK.Shared.csproj", "{1AA1669A-5704-4127-A6EE-2FC55582D8A7}"
EndProject
Project("{9A19103F-16F7-4668-BE54-9A1E7A4F7556}") = "LNK.Infrastructure", "LNK.Infrastructure\LNK.Infrastructure.csproj", "{DDD2AA82-75A8-4003-97B4-D8D596467DB1}"
EndProject
Project("{9A19103F-16F7-4668-BE54-9A1E7A4F7556}") = "LNK.Infrastructure.MongoDb", "LNK.Infrastructure.MongoDb\LNK.Infrastructure.MongoDb.csproj", "{6E5BBBFE-DA31-49A0-9A93-ECA4989517C9}"
EndProject
Project("{9A19103F-16F7-4668-BE54-9A1E7A4F7556}") = "LNK.Infrastructure.Identity.MongoDb", "LNK.Infrastructure.Identity.MongoDb\LNK.Infrastructure.Identity.MongoDb.csproj", "{0AEE0F94-9432-45DA-82AC-61B4813D6DA8}"
EndProject
Project("{9A19103F-16F7-4668-BE54-9A1E7A4F7556}") = "LNK.CommandHandlers", "LNK.CommandHandlers\LNK.CommandHandlers.csproj", "{E3E9D571-D186-4527-BB64-0D7240A75584}"
EndProject
Project("{9A19103F-16F7-4668-BE54-9A1E7A4F7556}") = "LNK.Commands", "LNK.Commands\LNK.Commands.csproj", "{DC7D4829-11F5-4FFB-8478-BA92A981EF22}"
EndProject
Project("{9A19103F-16F7-4668-BE54-9A1E7A4F7556}") = "LNK.Domain", "LNK.Domain\LNK.Domain.csproj", "{7297E029-3573-4B53-9898-8576DE3B9D2D}"
EndProject
Project("{9A19103F-16F7-4668-BE54-9A1E7A4F7556}") = "LNK.Queries", "LNK.Queries\LNK.Queries.csproj", "{B6B1F3EA-7A79-481D-9D75-7281D6953FDF}"
EndProject
Project("{9A19103F-16F7-4668-BE54-9A1E7A4F7556}") = "LNK.QueryHandlers", "LNK.QueryHandlers\LNK.QueryHandlers.csproj", "{1E025D5C-189F-4E60-9471-B75BD4F2AA70}"
EndProject
Project("{9A19103F-16F7-4668-BE54-9A1E7A4F7556}") = "LNK.AppServices.Core", "LNK.AppServices.Core\LNK.AppServices.Core.csproj", "{EE2AA430-31DC-452E-ACC9-6B5C06E5E63F}"
EndProject
Project("{9A19103F-16F7-4668-BE54-9A1E7A4F7556}") = "LNK.AppServices.Lnk", "LNK.AppServices.Lnk\LNK.AppServices.Lnk.csproj", "{C66E71E1-5B7B-49CA-BCE4-5B389A006865}"
EndProject
Global
	GlobalSection(SolutionConfigurationPlatforms) = preSolution
		Debug|Any CPU = Debug|Any CPU
		Release|Any CPU = Release|Any CPU
	EndGlobalSection
	GlobalSection(ProjectConfigurationPlatforms) = postSolution
		{1AA1669A-5704-4127-A6EE-2FC55582D8A7}.Debug|Any CPU.ActiveCfg = Debug|Any CPU
		{1AA1669A-5704-4127-A6EE-2FC55582D8A7}.Debug|Any CPU.Build.0 = Debug|Any CPU
		{1AA1669A-5704-4127-A6EE-2FC55582D8A7}.Release|Any CPU.ActiveCfg = Release|Any CPU
		{1AA1669A-5704-4127-A6EE-2FC55582D8A7}.Release|Any CPU.Build.0 = Release|Any CPU
		{DDD2AA82-75A8-4003-97B4-D8D596467DB1}.Debug|Any CPU.ActiveCfg = Debug|Any CPU
		{DDD2AA82-75A8-4003-97B4-D8D596467DB1}.Debug|Any CPU.Build.0 = Debug|Any CPU
		{DDD2AA82-75A8-4003-97B4-D8D596467DB1}.Release|Any CPU.ActiveCfg = Release|Any CPU
		{DDD2AA82-75A8-4003-97B4-D8D596467DB1}.Release|Any CPU.Build.0 = Release|Any CPU
		{6E5BBBFE-DA31-49A0-9A93-ECA4989517C9}.Debug|Any CPU.ActiveCfg = Debug|Any CPU
		{6E5BBBFE-DA31-49A0-9A93-ECA4989517C9}.Debug|Any CPU.Build.0 = Debug|Any CPU
		{6E5BBBFE-DA31-49A0-9A93-ECA4989517C9}.Release|Any CPU.ActiveCfg = Release|Any CPU
		{6E5BBBFE-DA31-49A0-9A93-ECA4989517C9}.Release|Any CPU.Build.0 = Release|Any CPU
		{0AEE0F94-9432-45DA-82AC-61B4813D6DA8}.Debug|Any CPU.ActiveCfg = Debug|Any CPU
		{0AEE0F94-9432-45DA-82AC-61B4813D6DA8}.Debug|Any CPU.Build.0 = Debug|Any CPU
		{0AEE0F94-9432-45DA-82AC-61B4813D6DA8}.Release|Any CPU.ActiveCfg = Release|Any CPU
		{0AEE0F94-9432-45DA-82AC-61B4813D6DA8}.Release|Any CPU.Build.0 = Release|Any CPU
		{E3E9D571-D186-4527-BB64-0D7240A75584}.Debug|Any CPU.ActiveCfg = Debug|Any CPU
		{E3E9D571-D186-4527-BB64-0D7240A75584}.Debug|Any CPU.Build.0 = Debug|Any CPU
		{E3E9D571-D186-4527-BB64-0D7240A75584}.Release|Any CPU.ActiveCfg = Release|Any CPU
		{E3E9D571-D186-4527-BB64-0D7240A75584}.Release|Any CPU.Build.0 = Release|Any CPU
		{DC7D4829-11F5-4FFB-8478-BA92A981EF22}.Debug|Any CPU.ActiveCfg = Debug|Any CPU
		{DC7D4829-11F5-4FFB-8478-BA92A981EF22}.Debug|Any CPU.Build.0 = Debug|Any CPU
		{DC7D4829-11F5-4FFB-8478-BA92A981EF22}.Release|Any CPU.ActiveCfg = Release|Any CPU
		{DC7D4829-11F5-4FFB-8478-BA92A981EF22}.Release|Any CPU.Build.0 = Release|Any CPU
		{7297E029-3573-4B53-9898-8576DE3B9D2D}.Debug|Any CPU.ActiveCfg = Debug|Any CPU
		{7297E029-3573-4B53-9898-8576DE3B9D2D}.Debug|Any CPU.Build.0 = Debug|Any CPU
		{7297E029-3573-4B53-9898-8576DE3B9D2D}.Release|Any CPU.ActiveCfg = Release|Any CPU
		{7297E029-3573-4B53-9898-8576DE3B9D2D}.Release|Any CPU.Build.0 = Release|Any CPU
		{B6B1F3EA-7A79-481D-9D75-7281D6953FDF}.Debug|Any CPU.ActiveCfg = Debug|Any CPU
		{B6B1F3EA-7A79-481D-9D75-7281D6953FDF}.Debug|Any CPU.Build.0 = Debug|Any CPU
		{B6B1F3EA-7A79-481D-9D75-7281D6953FDF}.Release|Any CPU.ActiveCfg = Release|Any CPU
		{B6B1F3EA-7A79-481D-9D75-7281D6953FDF}.Release|Any CPU.Build.0 = Release|Any CPU
		{1E025D5C-189F-4E60-9471-B75BD4F2AA70}.Debug|Any CPU.ActiveCfg = Debug|Any CPU
		{1E025D5C-189F-4E60-9471-B75BD4F2AA70}.Debug|Any CPU.Build.0 = Debug|Any CPU
		{1E025D5C-189F-4E60-9471-B75BD4F2AA70}.Release|Any CPU.ActiveCfg = Release|Any CPU
		{1E025D5C-189F-4E60-9471-B75BD4F2AA70}.Release|Any CPU.Build.0 = Release|Any CPU
		{EE2AA430-31DC-452E-ACC9-6B5C06E5E63F}.Debug|Any CPU.ActiveCfg = Debug|Any CPU
		{EE2AA430-31DC-452E-ACC9-6B5C06E5E63F}.Debug|Any CPU.Build.0 = Debug|Any CPU
		{EE2AA430-31DC-452E-ACC9-6B5C06E5E63F}.Release|Any CPU.ActiveCfg = Release|Any CPU
		{EE2AA430-31DC-452E-ACC9-6B5C06E5E63F}.Release|Any CPU.Build.0 = Release|Any CPU
		{C66E71E1-5B7B-49CA-BCE4-5B389A006865}.Debug|Any CPU.ActiveCfg = Debug|Any CPU
		{C66E71E1-5B7B-49CA-BCE4-5B389A006865}.Debug|Any CPU.Build.0 = Debug|Any CPU
		{C66E71E1-5B7B-49CA-BCE4-5B389A006865}.Release|Any CPU.ActiveCfg = Release|Any CPU
		{C66E71E1-5B7B-49CA-BCE4-5B389A006865}.Release|Any CPU.Build.0 = Release|Any CPU
	EndGlobalSection
	GlobalSection(SolutionProperties) = preSolution
		HideSolutionNode = FALSE
	EndGlobalSection
	GlobalSection(NestedProjects) = preSolution
		{1AA1669A-5704-4127-A6EE-2FC55582D8A7} = {2DA24E38-AE9B-4A80-B310-B0A66F2C36B8}
		{DDD2AA82-75A8-4003-97B4-D8D596467DB1} = {F25AC761-CA38-42B0-AF64-29011D580487}
		{6E5BBBFE-DA31-49A0-9A93-ECA4989517C9} = {F25AC761-CA38-42B0-AF64-29011D580487}
		{0AEE0F94-9432-45DA-82AC-61B4813D6DA8} = {F25AC761-CA38-42B0-AF64-29011D580487}
		{E3E9D571-D186-4527-BB64-0D7240A75584} = {A8375630-D7C8-4C67-9109-633BB5D2A0B3}
		{DC7D4829-11F5-4FFB-8478-BA92A981EF22} = {A8375630-D7C8-4C67-9109-633BB5D2A0B3}
		{7297E029-3573-4B53-9898-8576DE3B9D2D} = {A8375630-D7C8-4C67-9109-633BB5D2A0B3}
		{B6B1F3EA-7A79-481D-9D75-7281D6953FDF} = {A8375630-D7C8-4C67-9109-633BB5D2A0B3}
		{1E025D5C-189F-4E60-9471-B75BD4F2AA70} = {A8375630-D7C8-4C67-9109-633BB5D2A0B3}
		{EE2AA430-31DC-452E-ACC9-6B5C06E5E63F} = {CC8DBC5B-94E1-4DA2-AD8E-B15C0D442C7D}
		{C66E71E1-5B7B-49CA-BCE4-5B389A006865} = {CC8DBC5B-94E1-4DA2-AD8E-B15C0D442C7D}
	EndGlobalSection
	GlobalSection(ExtensibilityGlobals) = postSolution
		SolutionGuid = {A79F56FF-3173-4E3E-8BC4-2F501DB67534}
	EndGlobalSection
EndGlobal
